// !$*UTF8*$!
{
	archiveVersion = 1;
	classes = {
	};
	objectVersion = 56;
	objects = {

/* Begin PBXBuildFile section */
		2D863BA5F032D7279E4F3FC9 /* Pods_Candy_03.framework in Frameworks */ = {isa = PBXBuildFile; fileRef = C8058212D9DC67A8C55123BC /* Pods_Candy_03.framework */; };
		D12AB2482CD1C8C900843FE0 /* AppDelegate.swift in Sources */ = {isa = PBXBuildFile; fileRef = D12AB2472CD1C8C900843FE0 /* AppDelegate.swift */; };
		D12AB24A2CD1C8C900843FE0 /* SceneDelegate.swift in Sources */ = {isa = PBXBuildFile; fileRef = D12AB2492CD1C8C900843FE0 /* SceneDelegate.swift */; };
		D12AB24C2CD1C8C900843FE0 /* ViewController.swift in Sources */ = {isa = PBXBuildFile; fileRef = D12AB24B2CD1C8C900843FE0 /* ViewController.swift */; };
		D12AB24F2CD1C8C900843FE0 /* Main.storyboard in Resources */ = {isa = PBXBuildFile; fileRef = D12AB24D2CD1C8C900843FE0 /* Main.storyboard */; };
		D12AB2522CD1C8C900843FE0 /* Candy_03.xcdatamodeld in Sources */ = {isa = PBXBuildFile; fileRef = D12AB2502CD1C8C900843FE0 /* Candy_03.xcdatamodeld */; };
		D12AB2542CD1C8CA00843FE0 /* Assets.xcassets in Resources */ = {isa = PBXBuildFile; fileRef = D12AB2532CD1C8CA00843FE0 /* Assets.xcassets */; };
		D12AB2572CD1C8CA00843FE0 /* LaunchScreen.storyboard in Resources */ = {isa = PBXBuildFile; fileRef = D12AB2552CD1C8CA00843FE0 /* LaunchScreen.storyboard */; };
		D12AB2662CD1C9F800843FE0 /* PowerChocolate.otf in Resources */ = {isa = PBXBuildFile; fileRef = D12AB2642CD1C9F700843FE0 /* PowerChocolate.otf */; };
		D15B35722CD1DD260076967B /* BaseViewController.swift in Sources */ = {isa = PBXBuildFile; fileRef = D15B35702CD1DD260076967B /* BaseViewController.swift */; };
		D15B35732CD1DD260076967B /* MyColors.swift in Sources */ = {isa = PBXBuildFile; fileRef = D15B35712CD1DD260076967B /* MyColors.swift */; };
		D15B35752CD1F44B0076967B /* GameManager.swift in Sources */ = {isa = PBXBuildFile; fileRef = D15B35742CD1F44B0076967B /* GameManager.swift */; };
/* End PBXBuildFile section */

/* Begin PBXFileReference section */
		34042E27E8455CB5BA538789 /* Pods-Candy_03.debug.xcconfig */ = {isa = PBXFileReference; includeInIndex = 1; lastKnownFileType = text.xcconfig; name = "Pods-Candy_03.debug.xcconfig"; path = "Target Support Files/Pods-Candy_03/Pods-Candy_03.debug.xcconfig"; sourceTree = "<group>"; };
		C8058212D9DC67A8C55123BC /* Pods_Candy_03.framework */ = {isa = PBXFileReference; explicitFileType = wrapper.framework; includeInIndex = 0; path = Pods_Candy_03.framework; sourceTree = BUILT_PRODUCTS_DIR; };
		D12AB2442CD1C8C900843FE0 /* Candy_03.app */ = {isa = PBXFileReference; explicitFileType = wrapper.application; includeInIndex = 0; path = Candy_03.app; sourceTree = BUILT_PRODUCTS_DIR; };
		D12AB2472CD1C8C900843FE0 /* AppDelegate.swift */ = {isa = PBXFileReference; lastKnownFileType = sourcecode.swift; path = AppDelegate.swift; sourceTree = "<group>"; };
		D12AB2492CD1C8C900843FE0 /* SceneDelegate.swift */ = {isa = PBXFileReference; lastKnownFileType = sourcecode.swift; path = SceneDelegate.swift; sourceTree = "<group>"; };
		D12AB24B2CD1C8C900843FE0 /* ViewController.swift */ = {isa = PBXFileReference; lastKnownFileType = sourcecode.swift; path = ViewController.swift; sourceTree = "<group>"; };
		D12AB24E2CD1C8C900843FE0 /* Base */ = {isa = PBXFileReference; lastKnownFileType = file.storyboard; name = Base; path = Base.lproj/Main.storyboard; sourceTree = "<group>"; };
		D12AB2512CD1C8C900843FE0 /* Candy_03.xcdatamodel */ = {isa = PBXFileReference; lastKnownFileType = wrapper.xcdatamodel; path = Candy_03.xcdatamodel; sourceTree = "<group>"; };
		D12AB2532CD1C8CA00843FE0 /* Assets.xcassets */ = {isa = PBXFileReference; lastKnownFileType = folder.assetcatalog; path = Assets.xcassets; sourceTree = "<group>"; };
		D12AB2562CD1C8CA00843FE0 /* Base */ = {isa = PBXFileReference; lastKnownFileType = file.storyboard; name = Base; path = Base.lproj/LaunchScreen.storyboard; sourceTree = "<group>"; };
		D12AB2582CD1C8CA00843FE0 /* Info.plist */ = {isa = PBXFileReference; lastKnownFileType = text.plist.xml; path = Info.plist; sourceTree = "<group>"; };
		D12AB2642CD1C9F700843FE0 /* PowerChocolate.otf */ = {isa = PBXFileReference; lastKnownFileType = file; path = PowerChocolate.otf; sourceTree = "<group>"; };
		D15B35702CD1DD260076967B /* BaseViewController.swift */ = {isa = PBXFileReference; fileEncoding = 4; lastKnownFileType = sourcecode.swift; path = BaseViewController.swift; sourceTree = "<group>"; };
		D15B35712CD1DD260076967B /* MyColors.swift */ = {isa = PBXFileReference; fileEncoding = 4; lastKnownFileType = sourcecode.swift; path = MyColors.swift; sourceTree = "<group>"; };
		D15B35742CD1F44B0076967B /* GameManager.swift */ = {isa = PBXFileReference; lastKnownFileType = sourcecode.swift; path = GameManager.swift; sourceTree = "<group>"; };
		DC591EF9EF12257AA38C4713 /* Pods-Candy_03.release.xcconfig */ = {isa = PBXFileReference; includeInIndex = 1; lastKnownFileType = text.xcconfig; name = "Pods-Candy_03.release.xcconfig"; path = "Target Support Files/Pods-Candy_03/Pods-Candy_03.release.xcconfig"; sourceTree = "<group>"; };
/* End PBXFileReference section */

/* Begin PBXFrameworksBuildPhase section */
		D12AB2412CD1C8C900843FE0 /* Frameworks */ = {
			isa = PBXFrameworksBuildPhase;
			buildActionMask = 2147483647;
			files = (
				2D863BA5F032D7279E4F3FC9 /* Pods_Candy_03.framework in Frameworks */,
			);
			runOnlyForDeploymentPostprocessing = 0;
		};
/* End PBXFrameworksBuildPhase section */

/* Begin PBXGroup section */
		60C1DD934B12F75F549EE5F6 /* Frameworks */ = {
			isa = PBXGroup;
			children = (
				C8058212D9DC67A8C55123BC /* Pods_Candy_03.framework */,
			);
			name = Frameworks;
			sourceTree = "<group>";
		};
		D12AB23B2CD1C8C900843FE0 = {
			isa = PBXGroup;
			children = (
				D12AB2462CD1C8C900843FE0 /* Candy_03 */,
				D12AB2452CD1C8C900843FE0 /* Products */,
				E42254C021490BFCBAB07D36 /* Pods */,
				60C1DD934B12F75F549EE5F6 /* Frameworks */,
			);
			sourceTree = "<group>";
		};
		D12AB2452CD1C8C900843FE0 /* Products */ = {
			isa = PBXGroup;
			children = (
				D12AB2442CD1C8C900843FE0 /* Candy_03.app */,
			);
			name = Products;
			sourceTree = "<group>";
		};
		D12AB2462CD1C8C900843FE0 /* Candy_03 */ = {
			isa = PBXGroup;
			children = (
				D12AB25E2CD1C91D00843FE0 /* App */,
				D12AB2602CD1C93000843FE0 /* Controllers */,
				D12AB25F2CD1C92700843FE0 /* Storyboards */,
				D12AB2532CD1C8CA00843FE0 /* Assets.xcassets */,
				D12AB2582CD1C8CA00843FE0 /* Info.plist */,
				D12AB2622CD1C9F700843FE0 /* Fonts */,
				D15B356F2CD1DD260076967B /* Containers */,
				D12AB2612CD1C93A00843FE0 /* CoreData */,
			);
			path = Candy_03;
			sourceTree = "<group>";
		};
		D12AB25E2CD1C91D00843FE0 /* App */ = {
			isa = PBXGroup;
			children = (
				D12AB2472CD1C8C900843FE0 /* AppDelegate.swift */,
				D12AB2492CD1C8C900843FE0 /* SceneDelegate.swift */,
			);
			path = App;
			sourceTree = "<group>";
		};
		D12AB25F2CD1C92700843FE0 /* Storyboards */ = {
			isa = PBXGroup;
			children = (
				D12AB24D2CD1C8C900843FE0 /* Main.storyboard */,
				D12AB2552CD1C8CA00843FE0 /* LaunchScreen.storyboard */,
			);
			path = Storyboards;
			sourceTree = "<group>";
		};
		D12AB2602CD1C93000843FE0 /* Controllers */ = {
			isa = PBXGroup;
			children = (
				D12AB24B2CD1C8C900843FE0 /* ViewController.swift */,
			);
			path = Controllers;
			sourceTree = "<group>";
		};
		D12AB2612CD1C93A00843FE0 /* CoreData */ = {
			isa = PBXGroup;
			children = (
				D12AB2502CD1C8C900843FE0 /* Candy_03.xcdatamodeld */,
				D15B35742CD1F44B0076967B /* GameManager.swift */,
			);
			path = CoreData;
			sourceTree = "<group>";
		};
		D12AB2622CD1C9F700843FE0 /* Fonts */ = {
			isa = PBXGroup;
			children = (
				D12AB2642CD1C9F700843FE0 /* PowerChocolate.otf */,
			);
			path = Fonts;
			sourceTree = "<group>";
		};
		D15B356F2CD1DD260076967B /* Containers */ = {
			isa = PBXGroup;
			children = (
				D15B35702CD1DD260076967B /* BaseViewController.swift */,
				D15B35712CD1DD260076967B /* MyColors.swift */,
			);
			path = Containers;
			sourceTree = "<group>";
		};
		E42254C021490BFCBAB07D36 /* Pods */ = {
			isa = PBXGroup;
			children = (
				34042E27E8455CB5BA538789 /* Pods-Candy_03.debug.xcconfig */,
				DC591EF9EF12257AA38C4713 /* Pods-Candy_03.release.xcconfig */,
			);
			path = Pods;
			sourceTree = "<group>";
		};
/* End PBXGroup section */

/* Begin PBXNativeTarget section */
		D12AB2432CD1C8C900843FE0 /* Candy_03 */ = {
			isa = PBXNativeTarget;
			buildConfigurationList = D12AB25B2CD1C8CA00843FE0 /* Build configuration list for PBXNativeTarget "Candy_03" */;
			buildPhases = (
				3C20EF3EC6A2176D6F5E9462 /* [CP] Check Pods Manifest.lock */,
				D12AB2402CD1C8C900843FE0 /* Sources */,
				D12AB2412CD1C8C900843FE0 /* Frameworks */,
				D12AB2422CD1C8C900843FE0 /* Resources */,
				6B18AD4BDB73358A18A107D8 /* [CP] Embed Pods Frameworks */,
			);
			buildRules = (
			);
			dependencies = (
			);
			name = Candy_03;
			productName = Candy_03;
			productReference = D12AB2442CD1C8C900843FE0 /* Candy_03.app */;
			productType = "com.apple.product-type.application";
		};
/* End PBXNativeTarget section */

/* Begin PBXProject section */
		D12AB23C2CD1C8C900843FE0 /* Project object */ = {
			isa = PBXProject;
			attributes = {
				BuildIndependentTargetsInParallel = 1;
				LastSwiftUpdateCheck = 1520;
				LastUpgradeCheck = 1520;
				TargetAttributes = {
					D12AB2432CD1C8C900843FE0 = {
						CreatedOnToolsVersion = 15.2;
					};
				};
			};
			buildConfigurationList = D12AB23F2CD1C8C900843FE0 /* Build configuration list for PBXProject "Candy_03" */;
			compatibilityVersion = "Xcode 14.0";
			developmentRegion = en;
			hasScannedForEncodings = 0;
			knownRegions = (
				en,
				Base,
			);
			mainGroup = D12AB23B2CD1C8C900843FE0;
			productRefGroup = D12AB2452CD1C8C900843FE0 /* Products */;
			projectDirPath = "";
			projectRoot = "";
			targets = (
				D12AB2432CD1C8C900843FE0 /* Candy_03 */,
			);
		};
/* End PBXProject section */

/* Begin PBXResourcesBuildPhase section */
		D12AB2422CD1C8C900843FE0 /* Resources */ = {
			isa = PBXResourcesBuildPhase;
			buildActionMask = 2147483647;
			files = (
				D12AB2572CD1C8CA00843FE0 /* LaunchScreen.storyboard in Resources */,
				D12AB2662CD1C9F800843FE0 /* PowerChocolate.otf in Resources */,
				D12AB2542CD1C8CA00843FE0 /* Assets.xcassets in Resources */,
				D12AB24F2CD1C8C900843FE0 /* Main.storyboard in Resources */,
			);
			runOnlyForDeploymentPostprocessing = 0;
		};
/* End PBXResourcesBuildPhase section */

/* Begin PBXShellScriptBuildPhase section */
		3C20EF3EC6A2176D6F5E9462 /* [CP] Check Pods Manifest.lock */ = {
			isa = PBXShellScriptBuildPhase;
			buildActionMask = 2147483647;
			files = (
			);
			inputFileListPaths = (
			);
			inputPaths = (
				"${PODS_PODFILE_DIR_PATH}/Podfile.lock",
				"${PODS_ROOT}/Manifest.lock",
			);
			name = "[CP] Check Pods Manifest.lock";
			outputFileListPaths = (
			);
			outputPaths = (
				"$(DERIVED_FILE_DIR)/Pods-Candy_03-checkManifestLockResult.txt",
			);
			runOnlyForDeploymentPostprocessing = 0;
			shellPath = /bin/sh;
			shellScript = "diff \"${PODS_PODFILE_DIR_PATH}/Podfile.lock\" \"${PODS_ROOT}/Manifest.lock\" > /dev/null\nif [ $? != 0 ] ; then\n    # print error to STDERR\n    echo \"error: The sandbox is not in sync with the Podfile.lock. Run 'pod install' or update your CocoaPods installation.\" >&2\n    exit 1\nfi\n# This output is used by Xcode 'outputs' to avoid re-running this script phase.\necho \"SUCCESS\" > \"${SCRIPT_OUTPUT_FILE_0}\"\n";
			showEnvVarsInLog = 0;
		};
		6B18AD4BDB73358A18A107D8 /* [CP] Embed Pods Frameworks */ = {
			isa = PBXShellScriptBuildPhase;
			buildActionMask = 2147483647;
			files = (
			);
			inputFileListPaths = (
				"${PODS_ROOT}/Target Support Files/Pods-Candy_03/Pods-Candy_03-frameworks-${CONFIGURATION}-input-files.xcfilelist",
			);
			name = "[CP] Embed Pods Frameworks";
			outputFileListPaths = (
				"${PODS_ROOT}/Target Support Files/Pods-Candy_03/Pods-Candy_03-frameworks-${CONFIGURATION}-output-files.xcfilelist",
			);
			runOnlyForDeploymentPostprocessing = 0;
			shellPath = /bin/sh;
			shellScript = "\"${PODS_ROOT}/Target Support Files/Pods-Candy_03/Pods-Candy_03-frameworks.sh\"\n";
			showEnvVarsInLog = 0;
		};
/* End PBXShellScriptBuildPhase section */

/* Begin PBXSourcesBuildPhase section */
		D12AB2402CD1C8C900843FE0 /* Sources */ = {
			isa = PBXSourcesBuildPhase;
			buildActionMask = 2147483647;
			files = (
				D15B35722CD1DD260076967B /* BaseViewController.swift in Sources */,
				D15B35732CD1DD260076967B /* MyColors.swift in Sources */,
				D12AB24C2CD1C8C900843FE0 /* ViewController.swift in Sources */,
				D15B35752CD1F44B0076967B /* GameManager.swift in Sources */,
				D12AB2482CD1C8C900843FE0 /* AppDelegate.swift in Sources */,
				D12AB2522CD1C8C900843FE0 /* Candy_03.xcdatamodeld in Sources */,
				D12AB24A2CD1C8C900843FE0 /* SceneDelegate.swift in Sources */,
			);
			runOnlyForDeploymentPostprocessing = 0;
		};
/* End PBXSourcesBuildPhase section */

/* Begin PBXVariantGroup section */
		D12AB24D2CD1C8C900843FE0 /* Main.storyboard */ = {
			isa = PBXVariantGroup;
			children = (
				D12AB24E2CD1C8C900843FE0 /* Base */,
			);
			name = Main.storyboard;
			sourceTree = "<group>";
		};
		D12AB2552CD1C8CA00843FE0 /* LaunchScreen.storyboard */ = {
			isa = PBXVariantGroup;
			children = (
				D12AB2562CD1C8CA00843FE0 /* Base */,
			);
			name = LaunchScreen.storyboard;
			sourceTree = "<group>";
		};
/* End PBXVariantGroup section */

/* Begin XCBuildConfiguration section */
		D12AB2592CD1C8CA00843FE0 /* Debug */ = {
			isa = XCBuildConfiguration;
			buildSettings = {
				ALWAYS_SEARCH_USER_PATHS = NO;
				ASSETCATALOG_COMPILER_GENERATE_SWIFT_ASSET_SYMBOL_EXTENSIONS = YES;
				CLANG_ANALYZER_NONNULL = YES;
				CLANG_ANALYZER_NUMBER_OBJECT_CONVERSION = YES_AGGRESSIVE;
				CLANG_CXX_LANGUAGE_STANDARD = "gnu++20";
				CLANG_ENABLE_MODULES = YES;
				CLANG_ENABLE_OBJC_ARC = YES;
				CLANG_ENABLE_OBJC_WEAK = YES;
				CLANG_WARN_BLOCK_CAPTURE_AUTORELEASING = YES;
				CLANG_WARN_BOOL_CONVERSION = YES;
				CLANG_WARN_COMMA = YES;
				CLANG_WARN_CONSTANT_CONVERSION = YES;
				CLANG_WARN_DEPRECATED_OBJC_IMPLEMENTATIONS = YES;
				CLANG_WARN_DIRECT_OBJC_ISA_USAGE = YES_ERROR;
				CLANG_WARN_DOCUMENTATION_COMMENTS = YES;
				CLANG_WARN_EMPTY_BODY = YES;
				CLANG_WARN_ENUM_CONVERSION = YES;
				CLANG_WARN_INFINITE_RECURSION = YES;
				CLANG_WARN_INT_CONVERSION = YES;
				CLANG_WARN_NON_LITERAL_NULL_CONVERSION = YES;
				CLANG_WARN_OBJC_IMPLICIT_RETAIN_SELF = YES;
				CLANG_WARN_OBJC_LITERAL_CONVERSION = YES;
				CLANG_WARN_OBJC_ROOT_CLASS = YES_ERROR;
				CLANG_WARN_QUOTED_INCLUDE_IN_FRAMEWORK_HEADER = YES;
				CLANG_WARN_RANGE_LOOP_ANALYSIS = YES;
				CLANG_WARN_STRICT_PROTOTYPES = YES;
				CLANG_WARN_SUSPICIOUS_MOVE = YES;
				CLANG_WARN_UNGUARDED_AVAILABILITY = YES_AGGRESSIVE;
				CLANG_WARN_UNREACHABLE_CODE = YES;
				CLANG_WARN__DUPLICATE_METHOD_MATCH = YES;
				COPY_PHASE_STRIP = NO;
				DEBUG_INFORMATION_FORMAT = dwarf;
				ENABLE_STRICT_OBJC_MSGSEND = YES;
				ENABLE_TESTABILITY = YES;
				ENABLE_USER_SCRIPT_SANDBOXING = NO;
				GCC_C_LANGUAGE_STANDARD = gnu17;
				GCC_DYNAMIC_NO_PIC = NO;
				GCC_NO_COMMON_BLOCKS = YES;
				GCC_OPTIMIZATION_LEVEL = 0;
				GCC_PREPROCESSOR_DEFINITIONS = (
					"DEBUG=1",
					"$(inherited)",
				);
				GCC_WARN_64_TO_32_BIT_CONVERSION = YES;
				GCC_WARN_ABOUT_RETURN_TYPE = YES_ERROR;
				GCC_WARN_UNDECLARED_SELECTOR = YES;
				GCC_WARN_UNINITIALIZED_AUTOS = YES_AGGRESSIVE;
				GCC_WARN_UNUSED_FUNCTION = YES;
				GCC_WARN_UNUSED_VARIABLE = YES;
				IPHONEOS_DEPLOYMENT_TARGET = 17.2;
				LOCALIZATION_PREFERS_STRING_CATALOGS = YES;
				MTL_ENABLE_DEBUG_INFO = INCLUDE_SOURCE;
				MTL_FAST_MATH = YES;
				ONLY_ACTIVE_ARCH = YES;
				SDKROOT = iphoneos;
				SWIFT_ACTIVE_COMPILATION_CONDITIONS = "DEBUG $(inherited)";
				SWIFT_OPTIMIZATION_LEVEL = "-Onone";
			};
			name = Debug;
		};
		D12AB25A2CD1C8CA00843FE0 /* Release */ = {
			isa = XCBuildConfiguration;
			buildSettings = {
				ALWAYS_SEARCH_USER_PATHS = NO;
				ASSETCATALOG_COMPILER_GENERATE_SWIFT_ASSET_SYMBOL_EXTENSIONS = YES;
				CLANG_ANALYZER_NONNULL = YES;
				CLANG_ANALYZER_NUMBER_OBJECT_CONVERSION = YES_AGGRESSIVE;
				CLANG_CXX_LANGUAGE_STANDARD = "gnu++20";
				CLANG_ENABLE_MODULES = YES;
				CLANG_ENABLE_OBJC_ARC = YES;
				CLANG_ENABLE_OBJC_WEAK = YES;
				CLANG_WARN_BLOCK_CAPTURE_AUTORELEASING = YES;
				CLANG_WARN_BOOL_CONVERSION = YES;
				CLANG_WARN_COMMA = YES;
				CLANG_WARN_CONSTANT_CONVERSION = YES;
				CLANG_WARN_DEPRECATED_OBJC_IMPLEMENTATIONS = YES;
				CLANG_WARN_DIRECT_OBJC_ISA_USAGE = YES_ERROR;
				CLANG_WARN_DOCUMENTATION_COMMENTS = YES;
				CLANG_WARN_EMPTY_BODY = YES;
				CLANG_WARN_ENUM_CONVERSION = YES;
				CLANG_WARN_INFINITE_RECURSION = YES;
				CLANG_WARN_INT_CONVERSION = YES;
				CLANG_WARN_NON_LITERAL_NULL_CONVERSION = YES;
				CLANG_WARN_OBJC_IMPLICIT_RETAIN_SELF = YES;
				CLANG_WARN_OBJC_LITERAL_CONVERSION = YES;
				CLANG_WARN_OBJC_ROOT_CLASS = YES_ERROR;
				CLANG_WARN_QUOTED_INCLUDE_IN_FRAMEWORK_HEADER = YES;
				CLANG_WARN_RANGE_LOOP_ANALYSIS = YES;
				CLANG_WARN_STRICT_PROTOTYPES = YES;
				CLANG_WARN_SUSPICIOUS_MOVE = YES;
				CLANG_WARN_UNGUARDED_AVAILABILITY = YES_AGGRESSIVE;
				CLANG_WARN_UNREACHABLE_CODE = YES;
				CLANG_WARN__DUPLICATE_METHOD_MATCH = YES;
				COPY_PHASE_STRIP = NO;
				DEBUG_INFORMATION_FORMAT = "dwarf-with-dsym";
				ENABLE_NS_ASSERTIONS = NO;
				ENABLE_STRICT_OBJC_MSGSEND = YES;
				ENABLE_USER_SCRIPT_SANDBOXING = NO;
				GCC_C_LANGUAGE_STANDARD = gnu17;
				GCC_NO_COMMON_BLOCKS = YES;
				GCC_WARN_64_TO_32_BIT_CONVERSION = YES;
				GCC_WARN_ABOUT_RETURN_TYPE = YES_ERROR;
				GCC_WARN_UNDECLARED_SELECTOR = YES;
				GCC_WARN_UNINITIALIZED_AUTOS = YES_AGGRESSIVE;
				GCC_WARN_UNUSED_FUNCTION = YES;
				GCC_WARN_UNUSED_VARIABLE = YES;
				IPHONEOS_DEPLOYMENT_TARGET = 17.2;
				LOCALIZATION_PREFERS_STRING_CATALOGS = YES;
				MTL_ENABLE_DEBUG_INFO = NO;
				MTL_FAST_MATH = YES;
				SDKROOT = iphoneos;
				SWIFT_COMPILATION_MODE = wholemodule;
				VALIDATE_PRODUCT = YES;
			};
			name = Release;
		};
		D12AB25C2CD1C8CA00843FE0 /* Debug */ = {
			isa = XCBuildConfiguration;
			baseConfigurationReference = 34042E27E8455CB5BA538789 /* Pods-Candy_03.debug.xcconfig */;
			buildSettings = {
				ASSETCATALOG_COMPILER_APPICON_NAME = AppIcon;
				ASSETCATALOG_COMPILER_GLOBAL_ACCENT_COLOR_NAME = AccentColor;
				CODE_SIGN_STYLE = Automatic;
				CURRENT_PROJECT_VERSION = 1;
				DEVELOPMENT_TEAM = F993U8JD2Q;
				GENERATE_INFOPLIST_FILE = YES;
				INFOPLIST_FILE = Candy_03/Info.plist;
				INFOPLIST_KEY_UIApplicationSupportsIndirectInputEvents = YES;
				INFOPLIST_KEY_UILaunchStoryboardName = LaunchScreen;
				INFOPLIST_KEY_UIMainStoryboardFile = Main;
				INFOPLIST_KEY_UISupportedInterfaceOrientations = "UIInterfaceOrientationLandscapeLeft UIInterfaceOrientationLandscapeRight";
				INFOPLIST_KEY_UISupportedInterfaceOrientations_iPad = "UIInterfaceOrientationLandscapeLeft UIInterfaceOrientationLandscapeRight UIInterfaceOrientationPortrait UIInterfaceOrientationPortraitUpsideDown";
				IPHONEOS_DEPLOYMENT_TARGET = 15.0;
				LD_RUNPATH_SEARCH_PATHS = (
					"$(inherited)",
					"@executable_path/Frameworks",
				);
				MARKETING_VERSION = 1.0;
				PRODUCT_BUNDLE_IDENTIFIER = "com.behruznorov.Candy-03";
				PRODUCT_NAME = "$(TARGET_NAME)";
				SUPPORTED_PLATFORMS = "iphoneos iphonesimulator";
				SUPPORTS_MACCATALYST = NO;
				SUPPORTS_MAC_DESIGNED_FOR_IPHONE_IPAD = NO;
				SUPPORTS_XR_DESIGNED_FOR_IPHONE_IPAD = NO;
				SWIFT_EMIT_LOC_STRINGS = YES;
				SWIFT_VERSION = 5.0;
				TARGETED_DEVICE_FAMILY = 1;
			};
			name = Debug;
		};
		D12AB25D2CD1C8CA00843FE0 /* Release */ = {
			isa = XCBuildConfiguration;
			baseConfigurationReference = DC591EF9EF12257AA38C4713 /* Pods-Candy_03.release.xcconfig */;
			buildSettings = {
				ASSETCATALOG_COMPILER_APPICON_NAME = AppIcon;
				ASSETCATALOG_COMPILER_GLOBAL_ACCENT_COLOR_NAME = AccentColor;
				CODE_SIGN_STYLE = Automatic;
				CURRENT_PROJECT_VERSION = 1;
				DEVELOPMENT_TEAM = F993U8JD2Q;
				GENERATE_INFOPLIST_FILE = YES;
				INFOPLIST_FILE = Candy_03/Info.plist;
				INFOPLIST_KEY_UIApplicationSupportsIndirectInputEvents = YES;
				INFOPLIST_KEY_UILaunchStoryboardName = LaunchScreen;
				INFOPLIST_KEY_UIMainStoryboardFile = Main;
				INFOPLIST_KEY_UISupportedInterfaceOrientations = "UIInterfaceOrientationLandscapeLeft UIInterfaceOrientationLandscapeRight";
				INFOPLIST_KEY_UISupportedInterfaceOrientations_iPad = "UIInterfaceOrientationLandscapeLeft UIInterfaceOrientationLandscapeRight UIInterfaceOrientationPortrait UIInterfaceOrientationPortraitUpsideDown";
				IPHONEOS_DEPLOYMENT_TARGET = 15.0;
				LD_RUNPATH_SEARCH_PATHS = (
					"$(inherited)",
					"@executable_path/Frameworks",
				);
				MARKETING_VERSION = 1.0;
				PRODUCT_BUNDLE_IDENTIFIER = "com.behruznorov.Candy-03";
				PRODUCT_NAME = "$(TARGET_NAME)";
				SUPPORTED_PLATFORMS = "iphoneos iphonesimulator";
				SUPPORTS_MACCATALYST = NO;
				SUPPORTS_MAC_DESIGNED_FOR_IPHONE_IPAD = NO;
				SUPPORTS_XR_DESIGNED_FOR_IPHONE_IPAD = NO;
				SWIFT_EMIT_LOC_STRINGS = YES;
				SWIFT_VERSION = 5.0;
				TARGETED_DEVICE_FAMILY = 1;
			};
			name = Release;
		};
/* End XCBuildConfiguration section */

/* Begin XCConfigurationList section */
		D12AB23F2CD1C8C900843FE0 /* Build configuration list for PBXProject "Candy_03" */ = {
			isa = XCConfigurationList;
			buildConfigurations = (
				D12AB2592CD1C8CA00843FE0 /* Debug */,
				D12AB25A2CD1C8CA00843FE0 /* Release */,
			);
			defaultConfigurationIsVisible = 0;
			defaultConfigurationName = Release;
		};
		D12AB25B2CD1C8CA00843FE0 /* Build configuration list for PBXNativeTarget "Candy_03" */ = {
			isa = XCConfigurationList;
			buildConfigurations = (
				D12AB25C2CD1C8CA00843FE0 /* Debug */,
				D12AB25D2CD1C8CA00843FE0 /* Release */,
			);
			defaultConfigurationIsVisible = 0;
			defaultConfigurationName = Release;
		};
/* End XCConfigurationList section */

/* Begin XCVersionGroup section */
		D12AB2502CD1C8C900843FE0 /* Candy_03.xcdatamodeld */ = {
			isa = XCVersionGroup;
			children = (
				D12AB2512CD1C8C900843FE0 /* Candy_03.xcdatamodel */,
			);
			currentVersion = D12AB2512CD1C8C900843FE0 /* Candy_03.xcdatamodel */;
			path = Candy_03.xcdatamodeld;
			sourceTree = "<group>";
			versionGroupType = wrapper.xcdatamodel;
		};
/* End XCVersionGroup section */
	};
	rootObject = D12AB23C2CD1C8C900843FE0 /* Project object */;
}
